
Microsoft Visual Studio Solution File, Format Version 12.00
# Visual Studio 15
VisualStudioVersion = 15.0.26228.12
MinimumVisualStudioVersion = 10.0.40219.1
Project("{FAE04EC0-301F-11D3-BF4B-00C04F79EFBC}") = "AverageEntityValueLibrary", "AverageEntityValueLibrary\AverageEntityValueLibrary.csproj", "{5CB4492B-3466-40A4-9295-E738D5AEAFAD}"
EndProject
Project("{FAE04EC0-301F-11D3-BF4B-00C04F79EFBC}") = "AverageEntityValueConsole", "AverageEntityValueConsole\AverageEntityValueConsole.csproj", "{FBC57142-8050-4096-8D7A-92C0D8CA443E}"
EndProject
Project("{FAE04EC0-301F-11D3-BF4B-00C04F79EFBC}") = "AverageValueTest", "AverageValueTest\AverageValueTest.csproj", "{CDACA9D1-B628-4EFF-9EB2-2CB6EC1749DE}"
EndProject
Global
	GlobalSection(SolutionConfigurationPlatforms) = preSolution
		Debug|Any CPU = Debug|Any CPU
		Release|Any CPU = Release|Any CPU
	EndGlobalSection
	GlobalSection(ProjectConfigurationPlatforms) = postSolution
		{5CB4492B-3466-40A4-9295-E738D5AEAFAD}.Debug|Any CPU.ActiveCfg = Debug|Any CPU
		{5CB4492B-3466-40A4-9295-E738D5AEAFAD}.Debug|Any CPU.Build.0 = Debug|Any CPU
		{5CB4492B-3466-40A4-9295-E738D5AEAFAD}.Release|Any CPU.ActiveCfg = Release|Any CPU
		{5CB4492B-3466-40A4-9295-E738D5AEAFAD}.Release|Any CPU.Build.0 = Release|Any CPU
		{FBC57142-8050-4096-8D7A-92C0D8CA443E}.Debug|Any CPU.ActiveCfg = Debug|Any CPU
		{FBC57142-8050-4096-8D7A-92C0D8CA443E}.Debug|Any CPU.Build.0 = Debug|Any CPU
		{FBC57142-8050-4096-8D7A-92C0D8CA443E}.Release|Any CPU.ActiveCfg = Release|Any CPU
		{FBC57142-8050-4096-8D7A-92C0D8CA443E}.Release|Any CPU.Build.0 = Release|Any CPU
		{CDACA9D1-B628-4EFF-9EB2-2CB6EC1749DE}.Debug|Any CPU.ActiveCfg = Debug|Any CPU
		{CDACA9D1-B628-4EFF-9EB2-2CB6EC1749DE}.Debug|Any CPU.Build.0 = Debug|Any CPU
		{CDACA9D1-B628-4EFF-9EB2-2CB6EC1749DE}.Release|Any CPU.ActiveCfg = Release|Any CPU
		{CDACA9D1-B628-4EFF-9EB2-2CB6EC1749DE}.Release|Any CPU.Build.0 = Release|Any CPU
	EndGlobalSection
	GlobalSection(SolutionProperties) = preSolution
		HideSolutionNode = FALSE
	EndGlobalSection
EndGlobal
